
Microsoft Visual Studio Solution File, Format Version 12.00
# Visual Studio Version 17
VisualStudioVersion = 17.5.33516.290
MinimumVisualStudioVersion = 10.0.40219.1
Project("{FAE04EC0-301F-11D3-BF4B-00C04F79EFBC}") = "Cats_Villa", "Cats_Villa\Cats_Villa.csproj", "{09C39A54-ED49-4362-90F6-5B3B99FECD4D}"
EndProject
Project("{FAE04EC0-301F-11D3-BF4B-00C04F79EFBC}") = "Cats_Villa.SqlDataLayer", "Cats_Villa.SqlDataLayer\Cats_Villa.SqlDataLayer.csproj", "{6C4D552C-2771-4911-ADFC-D8AC7795028B}"
EndProject
Global
	GlobalSection(SolutionConfigurationPlatforms) = preSolution
		Debug|Any CPU = Debug|Any CPU
		Release|Any CPU = Release|Any CPU
	EndGlobalSection
	GlobalSection(ProjectConfigurationPlatforms) = postSolution
		{09C39A54-ED49-4362-90F6-5B3B99FECD4D}.Debug|Any CPU.ActiveCfg = Debug|Any CPU
		{09C39A54-ED49-4362-90F6-5B3B99FECD4D}.Debug|Any CPU.Build.0 = Debug|Any CPU
		{09C39A54-ED49-4362-90F6-5B3B99FECD4D}.Release|Any CPU.ActiveCfg = Release|Any CPU
		{09C39A54-ED49-4362-90F6-5B3B99FECD4D}.Release|Any CPU.Build.0 = Release|Any CPU
		{6C4D552C-2771-4911-ADFC-D8AC7795028B}.Debug|Any CPU.ActiveCfg = Debug|Any CPU
		{6C4D552C-2771-4911-ADFC-D8AC7795028B}.Debug|Any CPU.Build.0 = Debug|Any CPU
		{6C4D552C-2771-4911-ADFC-D8AC7795028B}.Release|Any CPU.ActiveCfg = Release|Any CPU
		{6C4D552C-2771-4911-ADFC-D8AC7795028B}.Release|Any CPU.Build.0 = Release|Any CPU
	EndGlobalSection
	GlobalSection(SolutionProperties) = preSolution
		HideSolutionNode = FALSE
	EndGlobalSection
	GlobalSection(ExtensibilityGlobals) = postSolution
		SolutionGuid = {477B70A7-9401-4318-BB51-39B9B6A85B6A}
	EndGlobalSection
EndGlobal
